// !$*UTF8*$!
{
	archiveVersion = 1;
	classes = {
	};
	objectVersion = 77;
	objects = {

/* Begin PBXBuildFile section */
		A35DB05A2F7CC469008B0741 /* WordsKeyboard.appex in Embed Foundation Extensions */ = {isa = PBXBuildFile; fileRef = A35DB0532F7CC469008B0741 /* WordsKeyboard.appex */; settings = {ATTRIBUTES = (RemoveHeadersOnCopy, ); }; };
/* End PBXBuildFile section */

/* Begin PBXContainerItemProxy section */
		A335A7DB2F7B6CE800AD234D /* PBXContainerItemProxy */ = {
			isa = PBXContainerItemProxy;
			containerPortal = A335A7C52F7B6CE600AD234D /* Project object */;
			proxyType = 1;
			remoteGlobalIDString = A335A7CC2F7B6CE600AD234D;
			remoteInfo = Words;
		};
		A335A7E52F7B6CE800AD234D /* PBXContainerItemProxy */ = {
			isa = PBXContainerItemProxy;
			containerPortal = A335A7C52F7B6CE600AD234D /* Project object */;
			proxyType = 1;
			remoteGlobalIDString = A335A7CC2F7B6CE600AD234D;
			remoteInfo = Words;
		};
		A35DB0582F7CC469008B0741 /* PBXContainerItemProxy */ = {
			isa = PBXContainerItemProxy;
			containerPortal = A335A7C52F7B6CE600AD234D /* Project object */;
			proxyType = 1;
			remoteGlobalIDString = A35DB0522F7CC469008B0741;
			remoteInfo = WordsKeyboard;
		};
/* End PBXContainerItemProxy section */

/* Begin PBXCopyFilesBuildPhase section */
		A35DB05F2F7CC469008B0741 /* Embed Foundation Extensions */ = {
			isa = PBXCopyFilesBuildPhase;
			buildActionMask = 2147483647;
			dstPath = "";
			dstSubfolderSpec = 13;
			files = (
				A35DB05A2F7CC469008B0741 /* WordsKeyboard.appex in Embed Foundation Extensions */,
			);
			name = "Embed Foundation Extensions";
			runOnlyForDeploymentPostprocessing = 0;
		};
/* End PBXCopyFilesBuildPhase section */

/* Begin PBXFileReference section */
		A335A7CD2F7B6CE600AD234D /* Words.app */ = {isa = PBXFileReference; explicitFileType = wrapper.application; includeInIndex = 0; path = Words.app; sourceTree = BUILT_PRODUCTS_DIR; };
		A335A7DA2F7B6CE800AD234D /* WordsTests.xctest */ = {isa = PBXFileReference; explicitFileType = wrapper.cfbundle; includeInIndex = 0; path = WordsTests.xctest; sourceTree = BUILT_PRODUCTS_DIR; };
		A335A7E42F7B6CE800AD234D /* WordsUITests.xctest */ = {isa = PBXFileReference; explicitFileType = wrapper.cfbundle; includeInIndex = 0; path = WordsUITests.xctest; sourceTree = BUILT_PRODUCTS_DIR; };
		A35DB0532F7CC469008B0741 /* WordsKeyboard.appex */ = {isa = PBXFileReference; explicitFileType = "wrapper.app-extension"; includeInIndex = 0; path = WordsKeyboard.appex; sourceTree = BUILT_PRODUCTS_DIR; };
/* End PBXFileReference section */

/* Begin PBXFileSystemSynchronizedBuildFileExceptionSet section */
		A35DB05B2F7CC469008B0741 /* Exceptions for "WordsKeyboard" folder in "WordsKeyboard" target */ = {
			isa = PBXFileSystemSynchronizedBuildFileExceptionSet;
			membershipExceptions = (
				Info.plist,
			);
			target = A35DB0522F7CC469008B0741 /* WordsKeyboard */;
		};
		A38212302F7CDBD500F38F09 /* Exceptions for "Shared" folder in "WordsKeyboard" target */ = {
			isa = PBXFileSystemSynchronizedBuildFileExceptionSet;
			membershipExceptions = (
				VocabData.swift,
			);
			target = A35DB0522F7CC469008B0741 /* WordsKeyboard */;
		};
/* End PBXFileSystemSynchronizedBuildFileExceptionSet section */

/* Begin PBXFileSystemSynchronizedRootGroup section */
		A335A7CF2F7B6CE600AD234D /* Words */ = {
			isa = PBXFileSystemSynchronizedRootGroup;
			path = Words;
			sourceTree = "<group>";
		};
		A335A7DD2F7B6CE800AD234D /* WordsTests */ = {
			isa = PBXFileSystemSynchronizedRootGroup;
			path = WordsTests;
			sourceTree = "<group>";
		};
		A335A7E72F7B6CE800AD234D /* WordsUITests */ = {
			isa = PBXFileSystemSynchronizedRootGroup;
			path = WordsUITests;
			sourceTree = "<group>";
		};
		A35DB0542F7CC469008B0741 /* WordsKeyboard */ = {
			isa = PBXFileSystemSynchronizedRootGroup;
			exceptions = (
				A35DB05B2F7CC469008B0741 /* Exceptions for "WordsKeyboard" folder in "WordsKeyboard" target */,
			);
			path = WordsKeyboard;
			sourceTree = "<group>";
		};
		A382122B2F7CDAAD00F38F09 /* Shared */ = {
			isa = PBXFileSystemSynchronizedRootGroup;
			exceptions = (
				A38212302F7CDBD500F38F09 /* Exceptions for "Shared" folder in "WordsKeyboard" target */,
			);
			path = Shared;
			sourceTree = "<group>";
		};
/* End PBXFileSystemSynchronizedRootGroup section */

/* Begin PBXFrameworksBuildPhase section */
		A335A7CA2F7B6CE600AD234D /* Frameworks */ = {
			isa = PBXFrameworksBuildPhase;
			buildActionMask = 2147483647;
			files = (
			);
			runOnlyForDeploymentPostprocessing = 0;
		};
		A335A7D72F7B6CE800AD234D /* Frameworks */ = {
			isa = PBXFrameworksBuildPhase;
			buildActionMask = 2147483647;
			files = (
			);
			runOnlyForDeploymentPostprocessing = 0;
		};
		A335A7E12F7B6CE800AD234D /* Frameworks */ = {
			isa = PBXFrameworksBuildPhase;
			buildActionMask = 2147483647;
			files = (
			);
			runOnlyForDeploymentPostprocessing = 0;
		};
		A35DB0502F7CC469008B0741 /* Frameworks */ = {
			isa = PBXFrameworksBuildPhase;
			buildActionMask = 2147483647;
			files = (
			);
			runOnlyForDeploymentPostprocessing = 0;
		};
/* End PBXFrameworksBuildPhase section */

/* Begin PBXGroup section */
		A335A7C42F7B6CE600AD234D = {
			isa = PBXGroup;
			children = (
				A382122B2F7CDAAD00F38F09 /* Shared */,
				A335A7CF2F7B6CE600AD234D /* Words */,
				A335A7DD2F7B6CE800AD234D /* WordsTests */,
				A335A7E72F7B6CE800AD234D /* WordsUITests */,
				A35DB0542F7CC469008B0741 /* WordsKeyboard */,
				A335A7CE2F7B6CE600AD234D /* Products */,
			);
			sourceTree = "<group>";
		};
		A335A7CE2F7B6CE600AD234D /* Products */ = {
			isa = PBXGroup;
			children = (
				A335A7CD2F7B6CE600AD234D /* Words.app */,
				A335A7DA2F7B6CE800AD234D /* WordsTests.xctest */,
				A335A7E42F7B6CE800AD234D /* WordsUITests.xctest */,
				A35DB0532F7CC469008B0741 /* WordsKeyboard.appex */,
			);
			name = Products;
			sourceTree = "<group>";
		};
/* End PBXGroup section */

/* Begin PBXNativeTarget section */
		A335A7CC2F7B6CE600AD234D /* Words */ = {
			isa = PBXNativeTarget;
			buildConfigurationList = A335A7EE2F7B6CE800AD234D /* Build configuration list for PBXNativeTarget "Words" */;
			buildPhases = (
				A335A7C92F7B6CE600AD234D /* Sources */,
				A335A7CA2F7B6CE600AD234D /* Frameworks */,
				A335A7CB2F7B6CE600AD234D /* Resources */,
				A35DB05F2F7CC469008B0741 /* Embed Foundation Extensions */,
			);
			buildRules = (
			);
			dependencies = (
				A35DB0592F7CC469008B0741 /* PBXTargetDependency */,
			);
			fileSystemSynchronizedGroups = (
				A335A7CF2F7B6CE600AD234D /* Words */,
				A382122B2F7CDAAD00F38F09 /* Shared */,
			);
			name = Words;
			packageProductDependencies = (
			);
			productName = Words;
			productReference = A335A7CD2F7B6CE600AD234D /* Words.app */;
			productType = "com.apple.product-type.application";
		};
		A335A7D92F7B6CE800AD234D /* WordsTests */ = {
			isa = PBXNativeTarget;
			buildConfigurationList = A335A7F12F7B6CE800AD234D /* Build configuration list for PBXNativeTarget "WordsTests" */;
			buildPhases = (
				A335A7D62F7B6CE800AD234D /* Sources */,
				A335A7D72F7B6CE800AD234D /* Frameworks */,
				A335A7D82F7B6CE800AD234D /* Resources */,
			);
			buildRules = (
			);
			dependencies = (
				A335A7DC2F7B6CE800AD234D /* PBXTargetDependency */,
			);
			fileSystemSynchronizedGroups = (
				A335A7DD2F7B6CE800AD234D /* WordsTests */,
			);
			name = WordsTests;
			packageProductDependencies = (
			);
			productName = WordsTests;
			productReference = A335A7DA2F7B6CE800AD234D /* WordsTests.xctest */;
			productType = "com.apple.product-type.bundle.unit-test";
		};
		A335A7E32F7B6CE800AD234D /* WordsUITests */ = {
			isa = PBXNativeTarget;
			buildConfigurationList = A335A7F42F7B6CE800AD234D /* Build configuration list for PBXNativeTarget "WordsUITests" */;
			buildPhases = (
				A335A7E02F7B6CE800AD234D /* Sources */,
				A335A7E12F7B6CE800AD234D /* Frameworks */,
				A335A7E22F7B6CE800AD234D /* Resources */,
			);
			buildRules = (
			);
			dependencies = (
				A335A7E62F7B6CE800AD234D /* PBXTargetDependency */,
			);
			fileSystemSynchronizedGroups = (
				A335A7E72F7B6CE800AD234D /* WordsUITests */,
			);
			name = WordsUITests;
			packageProductDependencies = (
			);
			productName = WordsUITests;
			productReference = A335A7E42F7B6CE800AD234D /* WordsUITests.xctest */;
			productType = "com.apple.product-type.bundle.ui-testing";
		};
		A35DB0522F7CC469008B0741 /* WordsKeyboard */ = {
			isa = PBXNativeTarget;
			buildConfigurationList = A35DB05C2F7CC469008B0741 /* Build configuration list for PBXNativeTarget "WordsKeyboard" */;
			buildPhases = (
				A35DB04F2F7CC469008B0741 /* Sources */,
				A35DB0502F7CC469008B0741 /* Frameworks */,
				A35DB0512F7CC469008B0741 /* Resources */,
			);
			buildRules = (
			);
			dependencies = (
			);
			fileSystemSynchronizedGroups = (
				A35DB0542F7CC469008B0741 /* WordsKeyboard */,
			);
			name = WordsKeyboard;
			packageProductDependencies = (
			);
			productName = WordsKeyboard;
			productReference = A35DB0532F7CC469008B0741 /* WordsKeyboard.appex */;
			productType = "com.apple.product-type.app-extension";
		};
/* End PBXNativeTarget section */

/* Begin PBXProject section */
		A335A7C52F7B6CE600AD234D /* Project object */ = {
			isa = PBXProject;
			attributes = {
				BuildIndependentTargetsInParallel = 1;
				LastSwiftUpdateCheck = 2620;
				LastUpgradeCheck = 2620;
				TargetAttributes = {
					A335A7CC2F7B6CE600AD234D = {
						CreatedOnToolsVersion = 26.2;
					};
					A335A7D92F7B6CE800AD234D = {
						CreatedOnToolsVersion = 26.2;
						TestTargetID = A335A7CC2F7B6CE600AD234D;
					};
					A335A7E32F7B6CE800AD234D = {
						CreatedOnToolsVersion = 26.2;
						TestTargetID = A335A7CC2F7B6CE600AD234D;
					};
					A35DB0522F7CC469008B0741 = {
						CreatedOnToolsVersion = 26.2;
					};
				};
			};
			buildConfigurationList = A335A7C82F7B6CE600AD234D /* Build configuration list for PBXProject "Words" */;
			developmentRegion = en;
			hasScannedForEncodings = 0;
			knownRegions = (
				en,
				Base,
			);
			mainGroup = A335A7C42F7B6CE600AD234D;
			minimizedProjectReferenceProxies = 1;
			preferredProjectObjectVersion = 77;
			productRefGroup = A335A7CE2F7B6CE600AD234D /* Products */;
			projectDirPath = "";
			projectRoot = "";
			targets = (
				A335A7CC2F7B6CE600AD234D /* Words */,
				A335A7D92F7B6CE800AD234D /* WordsTests */,
				A335A7E32F7B6CE800AD234D /* WordsUITests */,
				A35DB0522F7CC469008B0741 /* WordsKeyboard */,
			);
		};
/* End PBXProject section */

/* Begin PBXResourcesBuildPhase section */
		A335A7CB2F7B6CE600AD234D /* Resources */ = {
			isa = PBXResourcesBuildPhase;
			buildActionMask = 2147483647;
			files = (
			);
			runOnlyForDeploymentPostprocessing = 0;
		};
		A335A7D82F7B6CE800AD234D /* Resources */ = {
			isa = PBXResourcesBuildPhase;
			buildActionMask = 2147483647;
			files = (
			);
			runOnlyForDeploymentPostprocessing = 0;
		};
		A335A7E22F7B6CE800AD234D /* Resources */ = {
			isa = PBXResourcesBuildPhase;
			buildActionMask = 2147483647;
			files = (
			);
			runOnlyForDeploymentPostprocessing = 0;
		};
		A35DB0512F7CC469008B0741 /* Resources */ = {
			isa = PBXResourcesBuildPhase;
			buildActionMask = 2147483647;
			files = (
			);
			runOnlyForDeploymentPostprocessing = 0;
		};
/* End PBXResourcesBuildPhase section */

/* Begin PBXSourcesBuildPhase section */
		A335A7C92F7B6CE600AD234D /* Sources */ = {
			isa = PBXSourcesBuildPhase;
			buildActionMask = 2147483647;
			files = (
			);
			runOnlyForDeploymentPostprocessing = 0;
		};
		A335A7D62F7B6CE800AD234D /* Sources */ = {
			isa = PBXSourcesBuildPhase;
			buildActionMask = 2147483647;
			files = (
			);
			runOnlyForDeploymentPostprocessing = 0;
		};
		A335A7E02F7B6CE800AD234D /* Sources */ = {
			isa = PBXSourcesBuildPhase;
			buildActionMask = 2147483647;
			files = (
			);
			runOnlyForDeploymentPostprocessing = 0;
		};
		A35DB04F2F7CC469008B0741 /* Sources */ = {
			isa = PBXSourcesBuildPhase;
			buildActionMask = 2147483647;
			files = (
			);
			runOnlyForDeploymentPostprocessing = 0;
		};
/* End PBXSourcesBuildPhase section */

/* Begin PBXTargetDependency section */
		A335A7DC2F7B6CE800AD234D /* PBXTargetDependency */ = {
			isa = PBXTargetDependency;
			target = A335A7CC2F7B6CE600AD234D /* Words */;
			targetProxy = A335A7DB2F7B6CE800AD234D /* PBXContainerItemProxy */;
		};
		A335A7E62F7B6CE800AD234D /* PBXTargetDependency */ = {
			isa = PBXTargetDependency;
			target = A335A7CC2F7B6CE600AD234D /* Words */;
			targetProxy = A335A7E52F7B6CE800AD234D /* PBXContainerItemProxy */;
		};
		A35DB0592F7CC469008B0741 /* PBXTargetDependency */ = {
			isa = PBXTargetDependency;
			target = A35DB0522F7CC469008B0741 /* WordsKeyboard */;
			targetProxy = A35DB0582F7CC469008B0741 /* PBXContainerItemProxy */;
		};
/* End PBXTargetDependency section */

/* Begin XCBuildConfiguration section */
		A335A7EC2F7B6CE800AD234D /* Debug */ = {
			isa = XCBuildConfiguration;
			buildSettings = {
				ALWAYS_SEARCH_USER_PATHS = NO;
				ASSETCATALOG_COMPILER_GENERATE_SWIFT_ASSET_SYMBOL_EXTENSIONS = YES;
				CLANG_ANALYZER_NONNULL = YES;
				CLANG_ANALYZER_NUMBER_OBJECT_CONVERSION = YES_AGGRESSIVE;
				CLANG_CXX_LANGUAGE_STANDARD = "gnu++20";
				CLANG_ENABLE_MODULES = YES;
				CLANG_ENABLE_OBJC_ARC = YES;
				CLANG_ENABLE_OBJC_WEAK = YES;
				CLANG_WARN_BLOCK_CAPTURE_AUTORELEASING = YES;
				CLANG_WARN_BOOL_CONVERSION = YES;
				CLANG_WARN_COMMA = YES;
				CLANG_WARN_CONSTANT_CONVERSION = YES;
				CLANG_WARN_DEPRECATED_OBJC_IMPLEMENTATIONS = YES;
				CLANG_WARN_DIRECT_OBJC_ISA_USAGE = YES_ERROR;
				CLANG_WARN_DOCUMENTATION_COMMENTS = YES;
				CLANG_WARN_EMPTY_BODY = YES;
				CLANG_WARN_ENUM_CONVERSION = YES;
				CLANG_WARN_INFINITE_RECURSION = YES;
				CLANG_WARN_INT_CONVERSION = YES;
				CLANG_WARN_NON_LITERAL_NULL_CONVERSION = YES;
				CLANG_WARN_OBJC_IMPLICIT_RETAIN_SELF = YES;
				CLANG_WARN_OBJC_LITERAL_CONVERSION = YES;
				CLANG_WARN_OBJC_ROOT_CLASS = YES_ERROR;
				CLANG_WARN_QUOTED_INCLUDE_IN_FRAMEWORK_HEADER = YES;
				CLANG_WARN_RANGE_LOOP_ANALYSIS = YES;
				CLANG_WARN_STRICT_PROTOTYPES = YES;
				CLANG_WARN_SUSPICIOUS_MOVE = YES;
				CLANG_WARN_UNGUARDED_AVAILABILITY = YES_AGGRESSIVE;
				CLANG_WARN_UNREACHABLE_CODE = YES;
				CLANG_WARN__DUPLICATE_METHOD_MATCH = YES;
				COPY_PHASE_STRIP = NO;
				DEBUG_INFORMATION_FORMAT = dwarf;
				ENABLE_STRICT_OBJC_MSGSEND = YES;
				ENABLE_TESTABILITY = YES;
				ENABLE_USER_SCRIPT_SANDBOXING = YES;
				GCC_C_LANGUAGE_STANDARD = gnu17;
				GCC_DYNAMIC_NO_PIC = NO;
				GCC_NO_COMMON_BLOCKS = YES;
				GCC_OPTIMIZATION_LEVEL = 0;
				GCC_PREPROCESSOR_DEFINITIONS = (
					"DEBUG=1",
					"$(inherited)",
				);
				GCC_WARN_64_TO_32_BIT_CONVERSION = YES;
				GCC_WARN_ABOUT_RETURN_TYPE = YES_ERROR;
				GCC_WARN_UNDECLARED_SELECTOR = YES;
				GCC_WARN_UNINITIALIZED_AUTOS = YES_AGGRESSIVE;
				GCC_WARN_UNUSED_FUNCTION = YES;
				GCC_WARN_UNUSED_VARIABLE = YES;
				IPHONEOS_DEPLOYMENT_TARGET = 26.2;
				LOCALIZATION_PREFERS_STRING_CATALOGS = YES;
				MTL_ENABLE_DEBUG_INFO = INCLUDE_SOURCE;
				MTL_FAST_MATH = YES;
				ONLY_ACTIVE_ARCH = YES;
				SDKROOT = iphoneos;
				SWIFT_ACTIVE_COMPILATION_CONDITIONS = "DEBUG $(inherited)";
				SWIFT_OPTIMIZATION_LEVEL = "-Onone";
			};
			name = Debug;
		};
		A335A7ED2F7B6CE800AD234D /* Release */ = {
			isa = XCBuildConfiguration;
			buildSettings = {
				ALWAYS_SEARCH_USER_PATHS = NO;
				ASSETCATALOG_COMPILER_GENERATE_SWIFT_ASSET_SYMBOL_EXTENSIONS = YES;
				CLANG_ANALYZER_NONNULL = YES;
				CLANG_ANALYZER_NUMBER_OBJECT_CONVERSION = YES_AGGRESSIVE;
				CLANG_CXX_LANGUAGE_STANDARD = "gnu++20";
				CLANG_ENABLE_MODULES = YES;
				CLANG_ENABLE_OBJC_ARC = YES;
				CLANG_ENABLE_OBJC_WEAK = YES;
				CLANG_WARN_BLOCK_CAPTURE_AUTORELEASING = YES;
				CLANG_WARN_BOOL_CONVERSION = YES;
				CLANG_WARN_COMMA = YES;
				CLANG_WARN_CONSTANT_CONVERSION = YES;
				CLANG_WARN_DEPRECATED_OBJC_IMPLEMENTATIONS = YES;
				CLANG_WARN_DIRECT_OBJC_ISA_USAGE = YES_ERROR;
				CLANG_WARN_DOCUMENTATION_COMMENTS = YES;
				CLANG_WARN_EMPTY_BODY = YES;
				CLANG_WARN_ENUM_CONVERSION = YES;
				CLANG_WARN_INFINITE_RECURSION = YES;
				CLANG_WARN_INT_CONVERSION = YES;
				CLANG_WARN_NON_LITERAL_NULL_CONVERSION = YES;
				CLANG_WARN_OBJC_IMPLICIT_RETAIN_SELF = YES;
				CLANG_WARN_OBJC_LITERAL_CONVERSION = YES;
				CLANG_WARN_OBJC_ROOT_CLASS = YES_ERROR;
				CLANG_WARN_QUOTED_INCLUDE_IN_FRAMEWORK_HEADER = YES;
				CLANG_WARN_RANGE_LOOP_ANALYSIS = YES;
				CLANG_WARN_STRICT_PROTOTYPES = YES;
				CLANG_WARN_SUSPICIOUS_MOVE = YES;
				CLANG_WARN_UNGUARDED_AVAILABILITY = YES_AGGRESSIVE;
				CLANG_WARN_UNREACHABLE_CODE = YES;
				CLANG_WARN__DUPLICATE_METHOD_MATCH = YES;
				COPY_PHASE_STRIP = NO;
				DEBUG_INFORMATION_FORMAT = "dwarf-with-dsym";
				ENABLE_NS_ASSERTIONS = NO;
				ENABLE_STRICT_OBJC_MSGSEND = YES;
				ENABLE_USER_SCRIPT_SANDBOXING = YES;
				GCC_C_LANGUAGE_STANDARD = gnu17;
				GCC_NO_COMMON_BLOCKS = YES;
				GCC_WARN_64_TO_32_BIT_CONVERSION = YES;
				GCC_WARN_ABOUT_RETURN_TYPE = YES_ERROR;
				GCC_WARN_UNDECLARED_SELECTOR = YES;
				GCC_WARN_UNINITIALIZED_AUTOS = YES_AGGRESSIVE;
				GCC_WARN_UNUSED_FUNCTION = YES;
				GCC_WARN_UNUSED_VARIABLE = YES;
				IPHONEOS_DEPLOYMENT_TARGET = 26.2;
				LOCALIZATION_PREFERS_STRING_CATALOGS = YES;
				MTL_ENABLE_DEBUG_INFO = NO;
				MTL_FAST_MATH = YES;
				SDKROOT = iphoneos;
				SWIFT_COMPILATION_MODE = wholemodule;
				VALIDATE_PRODUCT = YES;
			};
			name = Release;
		};
		A335A7EF2F7B6CE800AD234D /* Debug */ = {
			isa = XCBuildConfiguration;
			buildSettings = {
				ASSETCATALOG_COMPILER_APPICON_NAME = AppIcon;
				ASSETCATALOG_COMPILER_GLOBAL_ACCENT_COLOR_NAME = AccentColor;
				CODE_SIGN_STYLE = Automatic;
				CURRENT_PROJECT_VERSION = 1;
				DEVELOPMENT_TEAM = P538WZBRU9;
				ENABLE_PREVIEWS = YES;
				GENERATE_INFOPLIST_FILE = YES;
				INFOPLIST_KEY_UIApplicationSceneManifest_Generation = YES;
				INFOPLIST_KEY_UIApplicationSupportsIndirectInputEvents = YES;
				INFOPLIST_KEY_UILaunchScreen_Generation = YES;
				INFOPLIST_KEY_UISupportedInterfaceOrientations_iPad = "UIInterfaceOrientationPortrait UIInterfaceOrientationPortraitUpsideDown UIInterfaceOrientationLandscapeLeft UIInterfaceOrientationLandscapeRight";
				INFOPLIST_KEY_UISupportedInterfaceOrientations_iPhone = "UIInterfaceOrientationPortrait UIInterfaceOrientationLandscapeLeft UIInterfaceOrientationLandscapeRight";
				LD_RUNPATH_SEARCH_PATHS = (
					"$(inherited)",
					"@executable_path/Frameworks",
				);
				MARKETING_VERSION = 1.0;
				PRODUCT_BUNDLE_IDENTIFIER = net.teleki.julia.Words;
				PRODUCT_NAME = "$(TARGET_NAME)";
				STRING_CATALOG_GENERATE_SYMBOLS = YES;
				SWIFT_APPROACHABLE_CONCURRENCY = YES;
				SWIFT_DEFAULT_ACTOR_ISOLATION = MainActor;
				SWIFT_EMIT_LOC_STRINGS = YES;
				SWIFT_UPCOMING_FEATURE_MEMBER_IMPORT_VISIBILITY = YES;
				SWIFT_VERSION = 5.0;
				TARGETED_DEVICE_FAMILY = "1,2";
			};
			name = Debug;
		};
		A335A7F02F7B6CE800AD234D /* Release */ = {
			isa = XCBuildConfiguration;
			buildSettings = {
				ASSETCATALOG_COMPILER_APPICON_NAME = AppIcon;
				ASSETCATALOG_COMPILER_GLOBAL_ACCENT_COLOR_NAME = AccentColor;
				CODE_SIGN_STYLE = Automatic;
				CURRENT_PROJECT_VERSION = 1;
				DEVELOPMENT_TEAM = P538WZBRU9;
				ENABLE_PREVIEWS = YES;
				GENERATE_INFOPLIST_FILE = YES;
				INFOPLIST_KEY_UIApplicationSceneManifest_Generation = YES;
				INFOPLIST_KEY_UIApplicationSupportsIndirectInputEvents = YES;
				INFOPLIST_KEY_UILaunchScreen_Generation = YES;
				INFOPLIST_KEY_UISupportedInterfaceOrientations_iPad = "UIInterfaceOrientationPortrait UIInterfaceOrientationPortraitUpsideDown UIInterfaceOrientationLandscapeLeft UIInterfaceOrientationLandscapeRight";
				INFOPLIST_KEY_UISupportedInterfaceOrientations_iPhone = "UIInterfaceOrientationPortrait UIInterfaceOrientationLandscapeLeft UIInterfaceOrientationLandscapeRight";
				LD_RUNPATH_SEARCH_PATHS = (
					"$(inherited)",
					"@executable_path/Frameworks",
				);
				MARKETING_VERSION = 1.0;
				PRODUCT_BUNDLE_IDENTIFIER = net.teleki.julia.Words;
				PRODUCT_NAME = "$(TARGET_NAME)";
				STRING_CATALOG_GENERATE_SYMBOLS = YES;
				SWIFT_APPROACHABLE_CONCURRENCY = YES;
				SWIFT_DEFAULT_ACTOR_ISOLATION = MainActor;
				SWIFT_EMIT_LOC_STRINGS = YES;
				SWIFT_UPCOMING_FEATURE_MEMBER_IMPORT_VISIBILITY = YES;
				SWIFT_VERSION = 5.0;
				TARGETED_DEVICE_FAMILY = "1,2";
			};
			name = Release;
		};
		A335A7F22F7B6CE800AD234D /* Debug */ = {
			isa = XCBuildConfiguration;
			buildSettings = {
				BUNDLE_LOADER = "$(TEST_HOST)";
				CODE_SIGN_STYLE = Automatic;
				CURRENT_PROJECT_VERSION = 1;
				GENERATE_INFOPLIST_FILE = YES;
				IPHONEOS_DEPLOYMENT_TARGET = 26.2;
				MARKETING_VERSION = 1.0;
				PRODUCT_BUNDLE_IDENTIFIER = net.teleki.julia.WordsTests;
				PRODUCT_NAME = "$(TARGET_NAME)";
				STRING_CATALOG_GENERATE_SYMBOLS = NO;
				SWIFT_APPROACHABLE_CONCURRENCY = YES;
				SWIFT_EMIT_LOC_STRINGS = NO;
				SWIFT_UPCOMING_FEATURE_MEMBER_IMPORT_VISIBILITY = YES;
				SWIFT_VERSION = 5.0;
				TARGETED_DEVICE_FAMILY = "1,2";
				TEST_HOST = "$(BUILT_PRODUCTS_DIR)/Words.app/$(BUNDLE_EXECUTABLE_FOLDER_PATH)/Words";
			};
			name = Debug;
		};
		A335A7F32F7B6CE800AD234D /* Release */ = {
			isa = XCBuildConfiguration;
			buildSettings = {
				BUNDLE_LOADER = "$(TEST_HOST)";
				CODE_SIGN_STYLE = Automatic;
				CURRENT_PROJECT_VERSION = 1;
				DEVELOPMENT_TEAM = P538WZBRU9;
				GENERATE_INFOPLIST_FILE = YES;
				IPHONEOS_DEPLOYMENT_TARGET = 26.2;
				MARKETING_VERSION = 1.0;
				PRODUCT_BUNDLE_IDENTIFIER = net.teleki.julia.WordsTests;
				PRODUCT_NAME = "$(TARGET_NAME)";
				STRING_CATALOG_GENERATE_SYMBOLS = NO;
				SWIFT_APPROACHABLE_CONCURRENCY = YES;
				SWIFT_EMIT_LOC_STRINGS = NO;
				SWIFT_UPCOMING_FEATURE_MEMBER_IMPORT_VISIBILITY = YES;
				SWIFT_VERSION = 5.0;
				TARGETED_DEVICE_FAMILY = "1,2";
				TEST_HOST = "$(BUILT_PRODUCTS_DIR)/Words.app/$(BUNDLE_EXECUTABLE_FOLDER_PATH)/Words";
			};
			name = Release;
		};
		A335A7F52F7B6CE800AD234D /* Debug */ = {
			isa = XCBuildConfiguration;
			buildSettings = {
				CODE_SIGN_STYLE = Automatic;
				CURRENT_PROJECT_VERSION = 1;
				GENERATE_INFOPLIST_FILE = YES;
				MARKETING_VERSION = 1.0;
				PRODUCT_BUNDLE_IDENTIFIER = net.teleki.julia.WordsUITests;
				PRODUCT_NAME = "$(TARGET_NAME)";
				STRING_CATALOG_GENERATE_SYMBOLS = NO;
				SWIFT_APPROACHABLE_CONCURRENCY = YES;
				SWIFT_EMIT_LOC_STRINGS = NO;
				SWIFT_UPCOMING_FEATURE_MEMBER_IMPORT_VISIBILITY = YES;
				SWIFT_VERSION = 5.0;
				TARGETED_DEVICE_FAMILY = "1,2";
				TEST_TARGET_NAME = Words;
			};
			name = Debug;
		};
		A335A7F62F7B6CE800AD234D /* Release */ = {
			isa = XCBuildConfiguration;
			buildSettings = {
				CODE_SIGN_STYLE = Automatic;
				CURRENT_PROJECT_VERSION = 1;
				DEVELOPMENT_TEAM = P538WZBRU9;
				GENERATE_INFOPLIST_FILE = YES;
				MARKETING_VERSION = 1.0;
				PRODUCT_BUNDLE_IDENTIFIER = net.teleki.julia.WordsUITests;
				PRODUCT_NAME = "$(TARGET_NAME)";
				STRING_CATALOG_GENERATE_SYMBOLS = NO;
				SWIFT_APPROACHABLE_CONCURRENCY = YES;
				SWIFT_EMIT_LOC_STRINGS = NO;
				SWIFT_UPCOMING_FEATURE_MEMBER_IMPORT_VISIBILITY = YES;
				SWIFT_VERSION = 5.0;
				TARGETED_DEVICE_FAMILY = "1,2";
				TEST_TARGET_NAME = Words;
			};
			name = Release;
		};
		A35DB05D2F7CC469008B0741 /* Debug */ = {
			isa = XCBuildConfiguration;
			buildSettings = {
				CODE_SIGN_STYLE = Automatic;
				CURRENT_PROJECT_VERSION = 1;
				DEVELOPMENT_TEAM = P538WZBRU9;
				GENERATE_INFOPLIST_FILE = YES;
				INFOPLIST_FILE = WordsKeyboard/Info.plist;
				INFOPLIST_KEY_CFBundleDisplayName = WordsKeyboard;
				INFOPLIST_KEY_NSHumanReadableCopyright = "";
				LD_RUNPATH_SEARCH_PATHS = (
					"$(inherited)",
					"@executable_path/Frameworks",
					"@executable_path/../../Frameworks",
				);
				MARKETING_VERSION = 1.0;
				PRODUCT_BUNDLE_IDENTIFIER = net.teleki.julia.Words.WordsKeyboard;
				PRODUCT_NAME = "$(TARGET_NAME)";
				SKIP_INSTALL = YES;
				STRING_CATALOG_GENERATE_SYMBOLS = YES;
				SWIFT_APPROACHABLE_CONCURRENCY = YES;
				SWIFT_EMIT_LOC_STRINGS = YES;
				SWIFT_UPCOMING_FEATURE_MEMBER_IMPORT_VISIBILITY = YES;
				SWIFT_VERSION = 5.0;
				TARGETED_DEVICE_FAMILY = "1,2";
			};
			name = Debug;
		};
		A35DB05E2F7CC469008B0741 /* Release */ = {
			isa = XCBuildConfiguration;
			buildSettings = {
				CODE_SIGN_STYLE = Automatic;
				CURRENT_PROJECT_VERSION = 1;
				DEVELOPMENT_TEAM = P538WZBRU9;
				GENERATE_INFOPLIST_FILE = YES;
				INFOPLIST_FILE = WordsKeyboard/Info.plist;
				INFOPLIST_KEY_CFBundleDisplayName = WordsKeyboard;
				INFOPLIST_KEY_NSHumanReadableCopyright = "";
				LD_RUNPATH_SEARCH_PATHS = (
					"$(inherited)",
					"@executable_path/Frameworks",
					"@executable_path/../../Frameworks",
				);
				MARKETING_VERSION = 1.0;
				PRODUCT_BUNDLE_IDENTIFIER = net.teleki.julia.Words.WordsKeyboard;
				PRODUCT_NAME = "$(TARGET_NAME)";
				SKIP_INSTALL = YES;
				STRING_CATALOG_GENERATE_SYMBOLS = YES;
				SWIFT_APPROACHABLE_CONCURRENCY = YES;
				SWIFT_EMIT_LOC_STRINGS = YES;
				SWIFT_UPCOMING_FEATURE_MEMBER_IMPORT_VISIBILITY = YES;
				SWIFT_VERSION = 5.0;
				TARGETED_DEVICE_FAMILY = "1,2";
			};
			name = Release;
		};
/* End XCBuildConfiguration section */

/* Begin XCConfigurationList section */
		A335A7C82F7B6CE600AD234D /* Build configuration list for PBXProject "Words" */ = {
			isa = XCConfigurationList;
			buildConfigurations = (
				A335A7EC2F7B6CE800AD234D /* Debug */,
				A335A7ED2F7B6CE800AD234D /* Release */,
			);
			defaultConfigurationIsVisible = 0;
			defaultConfigurationName = Release;
		};
		A335A7EE2F7B6CE800AD234D /* Build configuration list for PBXNativeTarget "Words" */ = {
			isa = XCConfigurationList;
			buildConfigurations = (
				A335A7EF2F7B6CE800AD234D /* Debug */,
				A335A7F02F7B6CE800AD234D /* Release */,
			);
			defaultConfigurationIsVisible = 0;
			defaultConfigurationName = Release;
		};
		A335A7F12F7B6CE800AD234D /* Build configuration list for PBXNativeTarget "WordsTests" */ = {
			isa = XCConfigurationList;
			buildConfigurations = (
				A335A7F22F7B6CE800AD234D /* Debug */,
				A335A7F32F7B6CE800AD234D /* Release */,
			);
			defaultConfigurationIsVisible = 0;
			defaultConfigurationName = Release;
		};
		A335A7F42F7B6CE800AD234D /* Build configuration list for PBXNativeTarget "WordsUITests" */ = {
			isa = XCConfigurationList;
			buildConfigurations = (
				A335A7F52F7B6CE800AD234D /* Debug */,
				A335A7F62F7B6CE800AD234D /* Release */,
			);
			defaultConfigurationIsVisible = 0;
			defaultConfigurationName = Release;
		};
		A35DB05C2F7CC469008B0741 /* Build configuration list for PBXNativeTarget "WordsKeyboard" */ = {
			isa = XCConfigurationList;
			buildConfigurations = (
				A35DB05D2F7CC469008B0741 /* Debug */,
				A35DB05E2F7CC469008B0741 /* Release */,
			);
			defaultConfigurationIsVisible = 0;
			defaultConfigurationName = Release;
		};
/* End XCConfigurationList section */
	};
	rootObject = A335A7C52F7B6CE600AD234D /* Project object */;
}
